// !$*UTF8*$!
{
	archiveVersion = 1;
	classes = {
	};
	objectVersion = 46;
	objects = {

/* Begin PBXBuildFile section */
		830843291D833CF5000879BE /* AppDelegate.swift in Sources */ = {isa = PBXBuildFile; fileRef = 830843281D833CF5000879BE /* AppDelegate.swift */; };
		8308432B1D833CF5000879BE /* ViewController.swift in Sources */ = {isa = PBXBuildFile; fileRef = 8308432A1D833CF5000879BE /* ViewController.swift */; };
		8308432E1D833CF5000879BE /* Main.storyboard in Resources */ = {isa = PBXBuildFile; fileRef = 8308432C1D833CF5000879BE /* Main.storyboard */; };
		830843311D833CF5000879BE /* To_Do_List.xcdatamodeld in Sources */ = {isa = PBXBuildFile; fileRef = 8308432F1D833CF5000879BE /* To_Do_List.xcdatamodeld */; };
		830843331D833CF5000879BE /* Assets.xcassets in Resources */ = {isa = PBXBuildFile; fileRef = 830843321D833CF5000879BE /* Assets.xcassets */; };
		830843361D833CF5000879BE /* LaunchScreen.storyboard in Resources */ = {isa = PBXBuildFile; fileRef = 830843341D833CF5000879BE /* LaunchScreen.storyboard */; };
		8308433F1D8354E4000879BE /* Item+CoreDataProperties.swift in Sources */ = {isa = PBXBuildFile; fileRef = 8308433D1D8354E4000879BE /* Item+CoreDataProperties.swift */; };
		830843401D8354E4000879BE /* Item.swift in Sources */ = {isa = PBXBuildFile; fileRef = 8308433E1D8354E4000879BE /* Item.swift */; };
/* End PBXBuildFile section */

/* Begin PBXFileReference section */
		830843251D833CF4000879BE /* To Do List.app */ = {isa = PBXFileReference; explicitFileType = wrapper.application; includeInIndex = 0; path = "To Do List.app"; sourceTree = BUILT_PRODUCTS_DIR; };
		830843281D833CF5000879BE /* AppDelegate.swift */ = {isa = PBXFileReference; lastKnownFileType = sourcecode.swift; path = AppDelegate.swift; sourceTree = "<group>"; };
		8308432A1D833CF5000879BE /* ViewController.swift */ = {isa = PBXFileReference; lastKnownFileType = sourcecode.swift; path = ViewController.swift; sourceTree = "<group>"; };
		8308432D1D833CF5000879BE /* Base */ = {isa = PBXFileReference; lastKnownFileType = file.storyboard; name = Base; path = Base.lproj/Main.storyboard; sourceTree = "<group>"; };
		830843301D833CF5000879BE /* To_Do_List.xcdatamodel */ = {isa = PBXFileReference; lastKnownFileType = wrapper.xcdatamodel; path = To_Do_List.xcdatamodel; sourceTree = "<group>"; };
		830843321D833CF5000879BE /* Assets.xcassets */ = {isa = PBXFileReference; lastKnownFileType = folder.assetcatalog; path = Assets.xcassets; sourceTree = "<group>"; };
		830843351D833CF5000879BE /* Base */ = {isa = PBXFileReference; lastKnownFileType = file.storyboard; name = Base; path = Base.lproj/LaunchScreen.storyboard; sourceTree = "<group>"; };
		830843371D833CF5000879BE /* Info.plist */ = {isa = PBXFileReference; lastKnownFileType = text.plist.xml; path = Info.plist; sourceTree = "<group>"; };
		8308433D1D8354E4000879BE /* Item+CoreDataProperties.swift */ = {isa = PBXFileReference; fileEncoding = 4; lastKnownFileType = sourcecode.swift; name = "Item+CoreDataProperties.swift"; path = "../Item+CoreDataProperties.swift"; sourceTree = "<group>"; };
		8308433E1D8354E4000879BE /* Item.swift */ = {isa = PBXFileReference; fileEncoding = 4; lastKnownFileType = sourcecode.swift; name = Item.swift; path = ../Item.swift; sourceTree = "<group>"; };
/* End PBXFileReference section */

/* Begin PBXFrameworksBuildPhase section */
		830843221D833CF4000879BE /* Frameworks */ = {
			isa = PBXFrameworksBuildPhase;
			buildActionMask = 2147483647;
			files = (
			);
			runOnlyForDeploymentPostprocessing = 0;
		};
/* End PBXFrameworksBuildPhase section */

/* Begin PBXGroup section */
		8308431C1D833CF4000879BE = {
			isa = PBXGroup;
			children = (
				830843271D833CF4000879BE /* To Do List */,
				830843261D833CF4000879BE /* Products */,
			);
			sourceTree = "<group>";
		};
		830843261D833CF4000879BE /* Products */ = {
			isa = PBXGroup;
			children = (
				830843251D833CF4000879BE /* To Do List.app */,
			);
			name = Products;
			sourceTree = "<group>";
		};
		830843271D833CF4000879BE /* To Do List */ = {
			isa = PBXGroup;
			children = (
				8308433D1D8354E4000879BE /* Item+CoreDataProperties.swift */,
				8308433E1D8354E4000879BE /* Item.swift */,
				830843281D833CF5000879BE /* AppDelegate.swift */,
				8308432A1D833CF5000879BE /* ViewController.swift */,
				8308432C1D833CF5000879BE /* Main.storyboard */,
				830843321D833CF5000879BE /* Assets.xcassets */,
				830843341D833CF5000879BE /* LaunchScreen.storyboard */,
				830843371D833CF5000879BE /* Info.plist */,
				8308432F1D833CF5000879BE /* To_Do_List.xcdatamodeld */,
			);
			path = "To Do List";
			sourceTree = "<group>";
		};
/* End PBXGroup section */

/* Begin PBXNativeTarget section */
		830843241D833CF4000879BE /* To Do List */ = {
			isa = PBXNativeTarget;
			buildConfigurationList = 8308433A1D833CF5000879BE /* Build configuration list for PBXNativeTarget "To Do List" */;
			buildPhases = (
				830843211D833CF4000879BE /* Sources */,
				830843221D833CF4000879BE /* Frameworks */,
				830843231D833CF4000879BE /* Resources */,
			);
			buildRules = (
			);
			dependencies = (
			);
			name = "To Do List";
			productName = "To Do List";
			productReference = 830843251D833CF4000879BE /* To Do List.app */;
			productType = "com.apple.product-type.application";
		};
/* End PBXNativeTarget section */

/* Begin PBXProject section */
		8308431D1D833CF4000879BE /* Project object */ = {
			isa = PBXProject;
			attributes = {
				LastSwiftUpdateCheck = 0730;
				LastUpgradeCheck = 0730;
				ORGANIZATIONNAME = "Regina Imhoff";
				TargetAttributes = {
					830843241D833CF4000879BE = {
						CreatedOnToolsVersion = 7.3.1;
						DevelopmentTeam = 84V2A2X743;
					};
				};
			};
			buildConfigurationList = 830843201D833CF4000879BE /* Build configuration list for PBXProject "To Do List" */;
			compatibilityVersion = "Xcode 3.2";
			developmentRegion = English;
			hasScannedForEncodings = 0;
			knownRegions = (
				en,
				Base,
			);
			mainGroup = 8308431C1D833CF4000879BE;
			productRefGroup = 830843261D833CF4000879BE /* Products */;
			projectDirPath = "";
			projectRoot = "";
			targets = (
				830843241D833CF4000879BE /* To Do List */,
			);
		};
/* End PBXProject section */

/* Begin PBXResourcesBuildPhase section */
		830843231D833CF4000879BE /* Resources */ = {
			isa = PBXResourcesBuildPhase;
			buildActionMask = 2147483647;
			files = (
				830843361D833CF5000879BE /* LaunchScreen.storyboard in Resources */,
				830843331D833CF5000879BE /* Assets.xcassets in Resources */,
				8308432E1D833CF5000879BE /* Main.storyboard in Resources */,
			);
			runOnlyForDeploymentPostprocessing = 0;
		};
/* End PBXResourcesBuildPhase section */

/* Begin PBXSourcesBuildPhase section */
		830843211D833CF4000879BE /* Sources */ = {
			isa = PBXSourcesBuildPhase;
			buildActionMask = 2147483647;
			files = (
				830843401D8354E4000879BE /* Item.swift in Sources */,
				8308432B1D833CF5000879BE /* ViewController.swift in Sources */,
				830843311D833CF5000879BE /* To_Do_List.xcdatamodeld in Sources */,
				8308433F1D8354E4000879BE /* Item+CoreDataProperties.swift in Sources */,
				830843291D833CF5000879BE /* AppDelegate.swift in Sources */,
			);
			runOnlyForDeploymentPostprocessing = 0;
		};
/* End PBXSourcesBuildPhase section */

/* Begin PBXVariantGroup section */
		8308432C1D833CF5000879BE /* Main.storyboard */ = {
			isa = PBXVariantGroup;
			children = (
				8308432D1D833CF5000879BE /* Base */,
			);
			name = Main.storyboard;
			sourceTree = "<group>";
		};
		830843341D833CF5000879BE /* LaunchScreen.storyboard */ = {
			isa = PBXVariantGroup;
			children = (
				830843351D833CF5000879BE /* Base */,
			);
			name = LaunchScreen.storyboard;
			sourceTree = "<group>";
		};
/* End PBXVariantGroup section */

/* Begin XCBuildConfiguration section */
		830843381D833CF5000879BE /* Debug */ = {
			isa = XCBuildConfiguration;
			buildSettings = {
				ALWAYS_SEARCH_USER_PATHS = NO;
				CLANG_ANALYZER_NONNULL = YES;
				CLANG_CXX_LANGUAGE_STANDARD = "gnu++0x";
				CLANG_CXX_LIBRARY = "libc++";
				CLANG_ENABLE_MODULES = YES;
				CLANG_ENABLE_OBJC_ARC = YES;
				CLANG_WARN_BOOL_CONVERSION = YES;
				CLANG_WARN_CONSTANT_CONVERSION = YES;
				CLANG_WARN_DIRECT_OBJC_ISA_USAGE = YES_ERROR;
				CLANG_WARN_EMPTY_BODY = YES;
				CLANG_WARN_ENUM_CONVERSION = YES;
				CLANG_WARN_INT_CONVERSION = YES;
				CLANG_WARN_OBJC_ROOT_CLASS = YES_ERROR;
				CLANG_WARN_UNREACHABLE_CODE = YES;
				CLANG_WARN__DUPLICATE_METHOD_MATCH = YES;
				"CODE_SIGN_IDENTITY[sdk=iphoneos*]" = "iPhone Developer";
				COPY_PHASE_STRIP = NO;
				DEBUG_INFORMATION_FORMAT = dwarf;
				ENABLE_STRICT_OBJC_MSGSEND = YES;
				ENABLE_TESTABILITY = YES;
				GCC_C_LANGUAGE_STANDARD = gnu99;
				GCC_DYNAMIC_NO_PIC = NO;
				GCC_NO_COMMON_BLOCKS = YES;
				GCC_OPTIMIZATION_LEVEL = 0;
				GCC_PREPROCESSOR_DEFINITIONS = (
					"DEBUG=1",
					"$(inherited)",
				);
				GCC_WARN_64_TO_32_BIT_CONVERSION = YES;
				GCC_WARN_ABOUT_RETURN_TYPE = YES_ERROR;
				GCC_WARN_UNDECLARED_SELECTOR = YES;
				GCC_WARN_UNINITIALIZED_AUTOS = YES_AGGRESSIVE;
				GCC_WARN_UNUSED_FUNCTION = YES;
				GCC_WARN_UNUSED_VARIABLE = YES;
				IPHONEOS_DEPLOYMENT_TARGET = 9.3;
				MTL_ENABLE_DEBUG_INFO = YES;
				ONLY_ACTIVE_ARCH = YES;
				SDKROOT = iphoneos;
				SWIFT_OPTIMIZATION_LEVEL = "-Onone";
				TARGETED_DEVICE_FAMILY = "1,2";
			};
			name = Debug;
		};
		830843391D833CF5000879BE /* Release */ = {
			isa = XCBuildConfiguration;
			buildSettings = {
				ALWAYS_SEARCH_USER_PATHS = NO;
				CLANG_ANALYZER_NONNULL = YES;
				CLANG_CXX_LANGUAGE_STANDARD = "gnu++0x";
				CLANG_CXX_LIBRARY = "libc++";
				CLANG_ENABLE_MODULES = YES;
				CLANG_ENABLE_OBJC_ARC = YES;
				CLANG_WARN_BOOL_CONVERSION = YES;
				CLANG_WARN_CONSTANT_CONVERSION = YES;
				CLANG_WARN_DIRECT_OBJC_ISA_USAGE = YES_ERROR;
				CLANG_WARN_EMPTY_BODY = YES;
				CLANG_WARN_ENUM_CONVERSION = YES;
				CLANG_WARN_INT_CONVERSION = YES;
				CLANG_WARN_OBJC_ROOT_CLASS = YES_ERROR;
				CLANG_WARN_UNREACHABLE_CODE = YES;
				CLANG_WARN__DUPLICATE_METHOD_MATCH = YES;
				"CODE_SIGN_IDENTITY[sdk=iphoneos*]" = "iPhone Developer";
				COPY_PHASE_STRIP = NO;
				DEBUG_INFORMATION_FORMAT = "dwarf-with-dsym";
				ENABLE_NS_ASSERTIONS = NO;
				ENABLE_STRICT_OBJC_MSGSEND = YES;
				GCC_C_LANGUAGE_STANDARD = gnu99;
				GCC_NO_COMMON_BLOCKS = YES;
				GCC_WARN_64_TO_32_BIT_CONVERSION = YES;
				GCC_WARN_ABOUT_RETURN_TYPE = YES_ERROR;
				GCC_WARN_UNDECLARED_SELECTOR = YES;
				GCC_WARN_UNINITIALIZED_AUTOS = YES_AGGRESSIVE;
				GCC_WARN_UNUSED_FUNCTION = YES;
				GCC_WARN_UNUSED_VARIABLE = YES;
				IPHONEOS_DEPLOYMENT_TARGET = 9.3;
				MTL_ENABLE_DEBUG_INFO = NO;
				SDKROOT = iphoneos;
				TARGETED_DEVICE_FAMILY = "1,2";
				VALIDATE_PRODUCT = YES;
			};
			name = Release;
		};
		8308433B1D833CF5000879BE /* Debug */ = {
			isa = XCBuildConfiguration;
			buildSettings = {
				ASSETCATALOG_COMPILER_APPICON_NAME = AppIcon;
				INFOPLIST_FILE = "To Do List/Info.plist";
				LD_RUNPATH_SEARCH_PATHS = "$(inherited) @executable_path/Frameworks";
				PRODUCT_BUNDLE_IDENTIFIER = "com.reginaimhoff.To-Do-List";
				PRODUCT_NAME = "$(TARGET_NAME)";
			};
			name = Debug;
		};
		8308433C1D833CF5000879BE /* Release */ = {
			isa = XCBuildConfiguration;
			buildSettings = {
				ASSETCATALOG_COMPILER_APPICON_NAME = AppIcon;
				INFOPLIST_FILE = "To Do List/Info.plist";
				LD_RUNPATH_SEARCH_PATHS = "$(inherited) @executable_path/Frameworks";
				PRODUCT_BUNDLE_IDENTIFIER = "com.reginaimhoff.To-Do-List";
				PRODUCT_NAME = "$(TARGET_NAME)";
			};
			name = Release;
		};
/* End XCBuildConfiguration section */

/* Begin XCConfigurationList section */
		830843201D833CF4000879BE /* Build configuration list for PBXProject "To Do List" */ = {
			isa = XCConfigurationList;
			buildConfigurations = (
				830843381D833CF5000879BE /* Debug */,
				830843391D833CF5000879BE /* Release */,
			);
			defaultConfigurationIsVisible = 0;
			defaultConfigurationName = Release;
		};
		8308433A1D833CF5000879BE /* Build configuration list for PBXNativeTarget "To Do List" */ = {
			isa = XCConfigurationList;
			buildConfigurations = (
				8308433B1D833CF5000879BE /* Debug */,
				8308433C1D833CF5000879BE /* Release */,
			);
			defaultConfigurationIsVisible = 0;
		};
/* End XCConfigurationList section */

/* Begin XCVersionGroup section */
		8308432F1D833CF5000879BE /* To_Do_List.xcdatamodeld */ = {
			isa = XCVersionGroup;
			children = (
				830843301D833CF5000879BE /* To_Do_List.xcdatamodel */,
			);
			currentVersion = 830843301D833CF5000879BE /* To_Do_List.xcdatamodel */;
			path = To_Do_List.xcdatamodeld;
			sourceTree = "<group>";
			versionGroupType = wrapper.xcdatamodel;
		};
/* End XCVersionGroup section */
	};
	rootObject = 8308431D1D833CF4000879BE /* Project object */;
}
